
Microsoft Visual Studio Solution File, Format Version 12.00
# Visual Studio Version 17
VisualStudioVersion = 17.4.33213.308
MinimumVisualStudioVersion = 10.0.40219.1
Project("{FAE04EC0-301F-11D3-BF4B-00C04F79EFBC}") = "Assessment", "Assessment\Assessment.csproj", "{23BCDC69-1165-4969-8C44-C5BD990F224A}"
EndProject
Global
	GlobalSection(SolutionConfigurationPlatforms) = preSolution
		Debug|Any CPU = Debug|Any CPU
		Release|Any CPU = Release|Any CPU
	EndGlobalSection
	GlobalSection(ProjectConfigurationPlatforms) = postSolution
		{23BCDC69-1165-4969-8C44-C5BD990F224A}.Debug|Any CPU.ActiveCfg = Debug|Any CPU
		{23BCDC69-1165-4969-8C44-C5BD990F224A}.Debug|Any CPU.Build.0 = Debug|Any CPU
		{23BCDC69-1165-4969-8C44-C5BD990F224A}.Release|Any CPU.ActiveCfg = Release|Any CPU
		{23BCDC69-1165-4969-8C44-C5BD990F224A}.Release|Any CPU.Build.0 = Release|Any CPU
	EndGlobalSection
	GlobalSection(SolutionProperties) = preSolution
		HideSolutionNode = FALSE
	EndGlobalSection
	GlobalSection(ExtensibilityGlobals) = postSolution
		SolutionGuid = {047BF622-98D6-4373-A023-AA556B8E2C03}
	EndGlobalSection
EndGlobal
