
Microsoft Visual Studio Solution File, Format Version 12.00
# Visual Studio Version 17
VisualStudioVersion = 17.4.33213.308
MinimumVisualStudioVersion = 10.0.40219.1
Project("{FAE04EC0-301F-11D3-BF4B-00C04F79EFBC}") = "Demo", "Demo\Demo.csproj", "{909E0292-280D-4877-B875-A847CF6E7D7D}"
EndProject
Global
	GlobalSection(SolutionConfigurationPlatforms) = preSolution
		Debug|Any CPU = Debug|Any CPU
		Release|Any CPU = Release|Any CPU
	EndGlobalSection
	GlobalSection(ProjectConfigurationPlatforms) = postSolution
		{909E0292-280D-4877-B875-A847CF6E7D7D}.Debug|Any CPU.ActiveCfg = Debug|Any CPU
		{909E0292-280D-4877-B875-A847CF6E7D7D}.Debug|Any CPU.Build.0 = Debug|Any CPU
		{909E0292-280D-4877-B875-A847CF6E7D7D}.Release|Any CPU.ActiveCfg = Release|Any CPU
		{909E0292-280D-4877-B875-A847CF6E7D7D}.Release|Any CPU.Build.0 = Release|Any CPU
	EndGlobalSection
	GlobalSection(SolutionProperties) = preSolution
		HideSolutionNode = FALSE
	EndGlobalSection
	GlobalSection(ExtensibilityGlobals) = postSolution
		SolutionGuid = {6DD5B915-DC94-458E-84F2-5DF5AD85B968}
	EndGlobalSection
EndGlobal
